{
  "nodes": {
    "comfyui-workflow-templates-core": {
      "inputs": {
        "flake-lib": [
          "flake-lib"
        ],
        "flake-utils": [
          "flake-utils"
        ],
        "nixpkgs": [
          "nixpkgs"
        ]
      },
      "locked": {
        "lastModified": 1788606755,
        "narHash": "sha256-HNcD8WpMdxa7j8QQS0NkFMSJcgFvwOtQ8eZxST+MRbg=",
        "owner": "jgus",
        "repo": "comfyui-workflow-templates-core-flake",
        "rev": "22382faa159057164adb0e18dbdaa8afdcc937bd",
        "type": "github"
      },
      "original": {
        "owner": "jgus",
        "repo": "comfyui-workflow-templates-core-flake",
        "type": "github"
      }
    },
    "comfyui-workflow-templates-json": {
      "inputs": {
        "flake-lib": [
          "flake-lib"
        ],
        "flake-utils": [
          "flake-utils"
        ],
        "nixpkgs": [
          "nixpkgs"
        ]
      },
      "locked": {
        "lastModified": 1788606683,
        "narHash": "sha256-TsABSaRXTaHp+WDFjqM4W8bXnUOB/Zq0z4Jsqzb0G3o=",
        "owner": "jgus",
        "repo": "comfyui-workflow-templates-json-flake",
        "rev": "03089bd3705681e67fc9ce3e875776cac6a16f3f",
        "type": "github"
      },
      "original": {
        "owner": "jgus",
        "repo": "comfyui-workflow-templates-json-flake",
        "type": "github"
      }
    },
    "comfyui-workflow-templates-media-api": {
      "inputs": {
        "flake-lib": [
          "flake-lib"
        ],
        "flake-utils": [
          "flake-utils"
        ],
        "nixpkgs": [
          "nixpkgs"
        ]
      },
      "locked": {
        "lastModified": 1788606924,
        "narHash": "sha256-tl8aNbKNv0EgPPQg9g8fOwfwJg+KPFAw+1kthmgQOog=",
        "owner": "jgus",
        "repo": "comfyui-workflow-templates-media-api-flake",
        "rev": "bea2a5b6ccfcf1fc558ae213c5d3e8d1216a6f8a",
        "type": "github"
      },
      "original": {
        "owner": "jgus",
        "repo": "comfyui-workflow-templates-media-api-flake",
        "type": "github"
      }
    },
    "comfyui-workflow-templates-media-assets-01": {
      "inputs": {
        "flake-lib": [
          "flake-lib"
        ],
        "flake-utils": [
          "flake-utils"
        ],
        "nixpkgs": [
          "nixpkgs"
        ]
      },
      "locked": {
        "lastModified": 1788606938,
        "narHash": "sha256-RBTG734R9llh/kSEt4R5/WsWhWKIKM3zbSvO3hl5peo=",
        "owner": "jgus",
        "repo": "comfyui-workflow-templates-media-assets-01-flake",
        "rev": "451970ef7767f4edeec22f798bbc84627b4eb62a",
        "type": "github"
      },
      "original": {
        "owner": "jgus",
        "repo": "comfyui-workflow-templates-media-assets-01-flake",
        "type": "github"
      }
    },
    "comfyui-workflow-templates-media-image": {
      "inputs": {
        "flake-lib": [
          "flake-lib"
        ],
        "flake-utils": [
          "flake-utils"
        ],
        "nixpkgs": [
          "nixpkgs"
        ]
      },
      "locked": {
        "lastModified": 1788606081,
        "narHash": "sha256-ot2y5LfjUndb8rgb1+dtzkkIXp/KWMkFBzQoocIMRE4=",
        "owner": "jgus",
        "repo": "comfyui-workflow-templates-media-image-flake",
        "rev": "5cc05dd1de9b8f115ddf72fb6518458a8d90b330",
        "type": "github"
      },
      "original": {
        "owner": "jgus",
        "repo": "comfyui-workflow-templates-media-image-flake",
        "type": "github"
      }
    },
    "comfyui-workflow-templates-media-other": {
      "inputs": {
        "flake-lib": [
          "flake-lib"
        ],
        "flake-utils": [
          "flake-utils"
        ],
        "nixpkgs": [
          "nixpkgs"
        ]
      },
      "locked": {
        "lastModified": 1788605994,
        "narHash": "sha256-nADJC+IcojCq+KKZKwfpxBeYeKgUNMIYknNoEYeUC2U=",
        "owner": "jgus",
        "repo": "comfyui-workflow-templates-media-other-flake",
        "rev": "03dbbbaf4bc591a24019d6470172090b9c4942d7",
        "type": "github"
      },
      "original": {
        "owner": "jgus",
        "repo": "comfyui-workflow-templates-media-other-flake",
        "type": "github"
      }
    },
    "comfyui-workflow-templates-media-video": {
      "inputs": {
        "flake-lib": [
          "flake-lib"
        ],
        "flake-utils": [
          "flake-utils"
        ],
        "nixpkgs": [
          "nixpkgs"
        ]
      },
      "locked": {
        "lastModified": 1788606614,
        "narHash": "sha256-q3FFLs/f2jqCuXR6/VhIBrIm3sPBghexUWrlmhEjiZY=",
        "owner": "jgus",
        "repo": "comfyui-workflow-templates-media-video-flake",
        "rev": "c3593e56a8e7cc624c7f9ebc808f4d7c23438c7f",
        "type": "github"
      },
      "original": {
        "owner": "jgus",
        "repo": "comfyui-workflow-templates-media-video-flake",
        "type": "github"
      }
    },
    "flake-lib": {
      "inputs": {
        "flake-utils": [
          "flake-utils"
        ],
        "nixpkgs": [
          "nixpkgs"
        ]
      },
      "locked": {
        "lastModified": 1788198837,
        "narHash": "sha256-/esUnRsgT7OHNnIp9i25DqRC0PU4DYCjKMVF9hObKOw=",
        "owner": "jgus",
        "repo": "flake-lib",
        "rev": "efa5732408252073f0f5ed9f06c5d3765e62c3b7",
        "type": "github"
      },
      "original": {
        "owner": "jgus",
        "ref": "v1",
        "repo": "flake-lib",
        "type": "github"
      }
    },
    "flake-utils": {
      "inputs": {
        "systems": "systems"
      },
      "locked": {
        "lastModified": 1731533236,
        "narHash": "sha256-l0KFg5HjrsfsO/JpG+r7fRrqm12kzFHyUHqHCVpMMbI=",
        "owner": "numtide",
        "repo": "flake-utils",
        "rev": "11707dc2f618dd54ca8739b309ec4fc024de578b",
        "type": "github"
      },
      "original": {
        "owner": "numtide",
        "repo": "flake-utils",
        "type": "github"
      }
    },
    "nixpkgs": {
      "locked": {
        "lastModified": 1788431191,
        "narHash": "sha256-MFClkboDeW56feBCAeAV3Z3J2quGSZFlAOXQ4JjIlIA=",
        "owner": "NixOS",
        "repo": "nixpkgs",
        "rev": "9b9402b959a2276982ddd5ad3652a38b97f7c40b",
        "type": "github"
      },
      "original": {
        "owner": "NixOS",
        "ref": "nixpkgs-unstable",
        "repo": "nixpkgs",
        "type": "github"
      }
    },
    "root": {
      "inputs": {
        "comfyui-workflow-templates-core": "comfyui-workflow-templates-core",
        "comfyui-workflow-templates-json": "comfyui-workflow-templates-json",
        "comfyui-workflow-templates-media-api": "comfyui-workflow-templates-media-api",
        "comfyui-workflow-templates-media-assets-01": "comfyui-workflow-templates-media-assets-01",
        "comfyui-workflow-templates-media-image": "comfyui-workflow-templates-media-image",
        "comfyui-workflow-templates-media-other": "comfyui-workflow-templates-media-other",
        "comfyui-workflow-templates-media-video": "comfyui-workflow-templates-media-video",
        "flake-lib": "flake-lib",
        "flake-utils": "flake-utils",
        "nixpkgs": "nixpkgs"
      }
    },
    "systems": {
      "locked": {
        "lastModified": 1681028828,
        "narHash": "sha256-Vy1rq5AaRuLzOxct8nz4T6wlgyUR7zLU309k9mBC768=",
        "owner": "nix-systems",
        "repo": "default",
        "rev": "da67096a3b9bf56a91d16901293e51ba5b49a27e",
        "type": "github"
      },
      "original": {
        "owner": "nix-systems",
        "repo": "default",
        "type": "github"
      }
    }
  },
  "root": "root",
  "version": 7
}
