{
  "nodes": {
    "comfyui-workflow-templates-core": {
      "inputs": {
        "flake-lib": [
          "flake-lib"
        ],
        "flake-utils": [
          "flake-utils"
        ],
        "nixpkgs": [
          "nixpkgs"
        ]
      },
      "locked": {
        "lastModified": 1788188156,
        "narHash": "sha256-0xUc1fzzsA37sc0eMpskZ7fpzmvgGwUwiZmXeH6Xwkk=",
        "owner": "jgus",
        "repo": "comfyui-workflow-templates-core-flake",
        "rev": "d1fbbc72dfd1e977b7f5fd55378f2ef43f96465f",
        "type": "github"
      },
      "original": {
        "owner": "jgus",
        "repo": "comfyui-workflow-templates-core-flake",
        "type": "github"
      }
    },
    "comfyui-workflow-templates-json": {
      "inputs": {
        "flake-lib": [
          "flake-lib"
        ],
        "flake-utils": [
          "flake-utils"
        ],
        "nixpkgs": [
          "nixpkgs"
        ]
      },
      "locked": {
        "lastModified": 1788188111,
        "narHash": "sha256-nksYPpz3FR1mXW7w0UgHpJoZ6f2CrIWa1E5Q2mWJX0c=",
        "owner": "jgus",
        "repo": "comfyui-workflow-templates-json-flake",
        "rev": "9f3df6d49a4fdc724bd4d4e986f513774501b13a",
        "type": "github"
      },
      "original": {
        "owner": "jgus",
        "repo": "comfyui-workflow-templates-json-flake",
        "type": "github"
      }
    },
    "comfyui-workflow-templates-media-api": {
      "inputs": {
        "flake-lib": [
          "flake-lib"
        ],
        "flake-utils": [
          "flake-utils"
        ],
        "nixpkgs": [
          "nixpkgs"
        ]
      },
      "locked": {
        "lastModified": 1788188429,
        "narHash": "sha256-EkAbw6Lsv1F6PhfYhovEKlBoOvuVzhkOHeGSJAYMFSE=",
        "owner": "jgus",
        "repo": "comfyui-workflow-templates-media-api-flake",
        "rev": "24930e5531bdf075b096509edc99698dbfff9f0b",
        "type": "github"
      },
      "original": {
        "owner": "jgus",
        "repo": "comfyui-workflow-templates-media-api-flake",
        "type": "github"
      }
    },
    "comfyui-workflow-templates-media-assets-01": {
      "inputs": {
        "flake-lib": [
          "flake-lib"
        ],
        "flake-utils": [
          "flake-utils"
        ],
        "nixpkgs": [
          "nixpkgs"
        ]
      },
      "locked": {
        "lastModified": 1788188463,
        "narHash": "sha256-1+kg+pxy4Ugic8oEkOk3ljIGbyycB+gpIRe8FNELXl8=",
        "owner": "jgus",
        "repo": "comfyui-workflow-templates-media-assets-01-flake",
        "rev": "f841a8202478fa3c457bd4d213c31ae8784b5bd2",
        "type": "github"
      },
      "original": {
        "owner": "jgus",
        "repo": "comfyui-workflow-templates-media-assets-01-flake",
        "type": "github"
      }
    },
    "comfyui-workflow-templates-media-image": {
      "inputs": {
        "flake-lib": [
          "flake-lib"
        ],
        "flake-utils": [
          "flake-utils"
        ],
        "nixpkgs": [
          "nixpkgs"
        ]
      },
      "locked": {
        "lastModified": 1788186821,
        "narHash": "sha256-WF1HrKanmYFkxyo7+hGae4TBSQlsTMra1Lt5l184WFI=",
        "owner": "jgus",
        "repo": "comfyui-workflow-templates-media-image-flake",
        "rev": "2cda463da705bdb5dd3c2e05d0b4fe428debceda",
        "type": "github"
      },
      "original": {
        "owner": "jgus",
        "repo": "comfyui-workflow-templates-media-image-flake",
        "type": "github"
      }
    },
    "comfyui-workflow-templates-media-other": {
      "inputs": {
        "flake-lib": [
          "flake-lib"
        ],
        "flake-utils": [
          "flake-utils"
        ],
        "nixpkgs": [
          "nixpkgs"
        ]
      },
      "locked": {
        "lastModified": 1788264643,
        "narHash": "sha256-cDFO6ZAUQ4tomI0bgGgcP++Bgx4AFqRiRwsMoH3qhgs=",
        "owner": "jgus",
        "repo": "comfyui-workflow-templates-media-other-flake",
        "rev": "6c488de365fa9add21a900cf7bdca40da44a8f20",
        "type": "github"
      },
      "original": {
        "owner": "jgus",
        "repo": "comfyui-workflow-templates-media-other-flake",
        "type": "github"
      }
    },
    "comfyui-workflow-templates-media-video": {
      "inputs": {
        "flake-lib": [
          "flake-lib"
        ],
        "flake-utils": [
          "flake-utils"
        ],
        "nixpkgs": [
          "nixpkgs"
        ]
      },
      "locked": {
        "lastModified": 1788188018,
        "narHash": "sha256-5+TdQVBBjH7JvgoAH4ArRBPpVcU1NYl0QiwHb/H4tNQ=",
        "owner": "jgus",
        "repo": "comfyui-workflow-templates-media-video-flake",
        "rev": "0f20062e90d30194c4767784e338adbfa93c57f7",
        "type": "github"
      },
      "original": {
        "owner": "jgus",
        "repo": "comfyui-workflow-templates-media-video-flake",
        "type": "github"
      }
    },
    "flake-lib": {
      "inputs": {
        "flake-utils": [
          "flake-utils"
        ],
        "nixpkgs": [
          "nixpkgs"
        ]
      },
      "locked": {
        "lastModified": 1788198837,
        "narHash": "sha256-/esUnRsgT7OHNnIp9i25DqRC0PU4DYCjKMVF9hObKOw=",
        "owner": "jgus",
        "repo": "flake-lib",
        "rev": "efa5732408252073f0f5ed9f06c5d3765e62c3b7",
        "type": "github"
      },
      "original": {
        "owner": "jgus",
        "ref": "v1",
        "repo": "flake-lib",
        "type": "github"
      }
    },
    "flake-utils": {
      "inputs": {
        "systems": "systems"
      },
      "locked": {
        "lastModified": 1731533236,
        "narHash": "sha256-l0KFg5HjrsfsO/JpG+r7fRrqm12kzFHyUHqHCVpMMbI=",
        "owner": "numtide",
        "repo": "flake-utils",
        "rev": "11707dc2f618dd54ca8739b309ec4fc024de578b",
        "type": "github"
      },
      "original": {
        "owner": "numtide",
        "repo": "flake-utils",
        "type": "github"
      }
    },
    "nixpkgs": {
      "locked": {
        "lastModified": 1787964612,
        "narHash": "sha256-0N9nghg3nwzX6b6qc77EzjR9cu/Z+UR66FlfsCqiURs=",
        "owner": "NixOS",
        "repo": "nixpkgs",
        "rev": "e8be7818e19ada32105a8af937a6a473b38167ca",
        "type": "github"
      },
      "original": {
        "owner": "NixOS",
        "ref": "nixpkgs-unstable",
        "repo": "nixpkgs",
        "type": "github"
      }
    },
    "root": {
      "inputs": {
        "comfyui-workflow-templates-core": "comfyui-workflow-templates-core",
        "comfyui-workflow-templates-json": "comfyui-workflow-templates-json",
        "comfyui-workflow-templates-media-api": "comfyui-workflow-templates-media-api",
        "comfyui-workflow-templates-media-assets-01": "comfyui-workflow-templates-media-assets-01",
        "comfyui-workflow-templates-media-image": "comfyui-workflow-templates-media-image",
        "comfyui-workflow-templates-media-other": "comfyui-workflow-templates-media-other",
        "comfyui-workflow-templates-media-video": "comfyui-workflow-templates-media-video",
        "flake-lib": "flake-lib",
        "flake-utils": "flake-utils",
        "nixpkgs": "nixpkgs"
      }
    },
    "systems": {
      "locked": {
        "lastModified": 1681028828,
        "narHash": "sha256-Vy1rq5AaRuLzOxct8nz4T6wlgyUR7zLU309k9mBC768=",
        "owner": "nix-systems",
        "repo": "default",
        "rev": "da67096a3b9bf56a91d16901293e51ba5b49a27e",
        "type": "github"
      },
      "original": {
        "owner": "nix-systems",
        "repo": "default",
        "type": "github"
      }
    }
  },
  "root": "root",
  "version": 7
}
