{
  "nodes": {
    "comfyui-workflow-templates-core": {
      "inputs": {
        "flake-lib": [
          "flake-lib"
        ],
        "flake-utils": [
          "flake-utils"
        ],
        "nixpkgs": [
          "nixpkgs"
        ]
      },
      "locked": {
        "lastModified": 1788436824,
        "narHash": "sha256-9hhqgJobUPbp/kUpVB0K0D0WEIfWJ6GktN4IofrXwMs=",
        "owner": "jgus",
        "repo": "comfyui-workflow-templates-core-flake",
        "rev": "b73ea314d12690e278c236d5a9269875c8378d94",
        "type": "github"
      },
      "original": {
        "owner": "jgus",
        "repo": "comfyui-workflow-templates-core-flake",
        "type": "github"
      }
    },
    "comfyui-workflow-templates-json": {
      "inputs": {
        "flake-lib": [
          "flake-lib"
        ],
        "flake-utils": [
          "flake-utils"
        ],
        "nixpkgs": [
          "nixpkgs"
        ]
      },
      "locked": {
        "lastModified": 1788436812,
        "narHash": "sha256-Z+WaRic9Alq7enpY2zt1YJN9N+64e5FWv4Y8nmB2oGc=",
        "owner": "jgus",
        "repo": "comfyui-workflow-templates-json-flake",
        "rev": "2d54749e996a34174b6c5f5b682270d27c063bc7",
        "type": "github"
      },
      "original": {
        "owner": "jgus",
        "repo": "comfyui-workflow-templates-json-flake",
        "type": "github"
      }
    },
    "comfyui-workflow-templates-media-api": {
      "inputs": {
        "flake-lib": [
          "flake-lib"
        ],
        "flake-utils": [
          "flake-utils"
        ],
        "nixpkgs": [
          "nixpkgs"
        ]
      },
      "locked": {
        "lastModified": 1788437052,
        "narHash": "sha256-NfUq1AmOlUcUs0Fk4DRFJ4nDBIP4g4oXyg5lXowdBic=",
        "owner": "jgus",
        "repo": "comfyui-workflow-templates-media-api-flake",
        "rev": "b11890446cf7a09d041c26022704007a419e1459",
        "type": "github"
      },
      "original": {
        "owner": "jgus",
        "repo": "comfyui-workflow-templates-media-api-flake",
        "type": "github"
      }
    },
    "comfyui-workflow-templates-media-assets-01": {
      "inputs": {
        "flake-lib": [
          "flake-lib"
        ],
        "flake-utils": [
          "flake-utils"
        ],
        "nixpkgs": [
          "nixpkgs"
        ]
      },
      "locked": {
        "lastModified": 1788437023,
        "narHash": "sha256-Tkzc0JTYcxTxz1mvbkxrrux9sOUZSKeWodjgKseZy+k=",
        "owner": "jgus",
        "repo": "comfyui-workflow-templates-media-assets-01-flake",
        "rev": "006d7ff358a62d6cea4649f08207f2ff3809e169",
        "type": "github"
      },
      "original": {
        "owner": "jgus",
        "repo": "comfyui-workflow-templates-media-assets-01-flake",
        "type": "github"
      }
    },
    "comfyui-workflow-templates-media-image": {
      "inputs": {
        "flake-lib": [
          "flake-lib"
        ],
        "flake-utils": [
          "flake-utils"
        ],
        "nixpkgs": [
          "nixpkgs"
        ]
      },
      "locked": {
        "lastModified": 1788436219,
        "narHash": "sha256-dUMyPehtNVroBWDfYxDqOUkFVAq3zARHwrHiS+pv2lg=",
        "owner": "jgus",
        "repo": "comfyui-workflow-templates-media-image-flake",
        "rev": "99aa11105950d5e3507cd3b084a87e3dc76d1f32",
        "type": "github"
      },
      "original": {
        "owner": "jgus",
        "repo": "comfyui-workflow-templates-media-image-flake",
        "type": "github"
      }
    },
    "comfyui-workflow-templates-media-other": {
      "inputs": {
        "flake-lib": [
          "flake-lib"
        ],
        "flake-utils": [
          "flake-utils"
        ],
        "nixpkgs": [
          "nixpkgs"
        ]
      },
      "locked": {
        "lastModified": 1788436094,
        "narHash": "sha256-I0LHLlSCKD3FSpFtlJPNvWe5b1L2zryFlebRktgwgV0=",
        "owner": "jgus",
        "repo": "comfyui-workflow-templates-media-other-flake",
        "rev": "7e9607a01b33898d1a85887443372aa4442cec64",
        "type": "github"
      },
      "original": {
        "owner": "jgus",
        "repo": "comfyui-workflow-templates-media-other-flake",
        "type": "github"
      }
    },
    "comfyui-workflow-templates-media-video": {
      "inputs": {
        "flake-lib": [
          "flake-lib"
        ],
        "flake-utils": [
          "flake-utils"
        ],
        "nixpkgs": [
          "nixpkgs"
        ]
      },
      "locked": {
        "lastModified": 1788436708,
        "narHash": "sha256-TB2O8769XbQ+C0+9XCwXs7BG2ctbtV3qvi6ra+1VhzI=",
        "owner": "jgus",
        "repo": "comfyui-workflow-templates-media-video-flake",
        "rev": "bf82bdf8afd82cae551bb37ee2bb0b040def17be",
        "type": "github"
      },
      "original": {
        "owner": "jgus",
        "repo": "comfyui-workflow-templates-media-video-flake",
        "type": "github"
      }
    },
    "flake-lib": {
      "inputs": {
        "flake-utils": [
          "flake-utils"
        ],
        "nixpkgs": [
          "nixpkgs"
        ]
      },
      "locked": {
        "lastModified": 1788198837,
        "narHash": "sha256-/esUnRsgT7OHNnIp9i25DqRC0PU4DYCjKMVF9hObKOw=",
        "owner": "jgus",
        "repo": "flake-lib",
        "rev": "efa5732408252073f0f5ed9f06c5d3765e62c3b7",
        "type": "github"
      },
      "original": {
        "owner": "jgus",
        "ref": "v1",
        "repo": "flake-lib",
        "type": "github"
      }
    },
    "flake-utils": {
      "inputs": {
        "systems": "systems"
      },
      "locked": {
        "lastModified": 1731533236,
        "narHash": "sha256-l0KFg5HjrsfsO/JpG+r7fRrqm12kzFHyUHqHCVpMMbI=",
        "owner": "numtide",
        "repo": "flake-utils",
        "rev": "11707dc2f618dd54ca8739b309ec4fc024de578b",
        "type": "github"
      },
      "original": {
        "owner": "numtide",
        "repo": "flake-utils",
        "type": "github"
      }
    },
    "nixpkgs": {
      "locked": {
        "lastModified": 1788372231,
        "narHash": "sha256-7aqErvrAEz/5OcPA5p3M+tVOqeYc4oJXkNIPXfCqxAw=",
        "owner": "NixOS",
        "repo": "nixpkgs",
        "rev": "9387b3fcc0c23c86661636da63faabad4235a0a6",
        "type": "github"
      },
      "original": {
        "owner": "NixOS",
        "ref": "nixpkgs-unstable",
        "repo": "nixpkgs",
        "type": "github"
      }
    },
    "root": {
      "inputs": {
        "comfyui-workflow-templates-core": "comfyui-workflow-templates-core",
        "comfyui-workflow-templates-json": "comfyui-workflow-templates-json",
        "comfyui-workflow-templates-media-api": "comfyui-workflow-templates-media-api",
        "comfyui-workflow-templates-media-assets-01": "comfyui-workflow-templates-media-assets-01",
        "comfyui-workflow-templates-media-image": "comfyui-workflow-templates-media-image",
        "comfyui-workflow-templates-media-other": "comfyui-workflow-templates-media-other",
        "comfyui-workflow-templates-media-video": "comfyui-workflow-templates-media-video",
        "flake-lib": "flake-lib",
        "flake-utils": "flake-utils",
        "nixpkgs": "nixpkgs"
      }
    },
    "systems": {
      "locked": {
        "lastModified": 1681028828,
        "narHash": "sha256-Vy1rq5AaRuLzOxct8nz4T6wlgyUR7zLU309k9mBC768=",
        "owner": "nix-systems",
        "repo": "default",
        "rev": "da67096a3b9bf56a91d16901293e51ba5b49a27e",
        "type": "github"
      },
      "original": {
        "owner": "nix-systems",
        "repo": "default",
        "type": "github"
      }
    }
  },
  "root": "root",
  "version": 7
}
